
Microsoft Visual Studio Solution File, Format Version 12.00
# Visual Studio 15
VisualStudioVersion = 15.0.26730.8
MinimumVisualStudioVersion = 10.0.40219.1
Project("{FAE04EC0-301F-11D3-BF4B-00C04F79EFBC}") = "CompareFieldValidator", "CompareFieldValidator\CompareFieldValidator.csproj", "{8693F6FE-B4FF-46A6-80BD-38CBD7D887B7}"
EndProject
Global
	GlobalSection(SolutionConfigurationPlatforms) = preSolution
		Debug|Any CPU = Debug|Any CPU
		Release|Any CPU = Release|Any CPU
	EndGlobalSection
	GlobalSection(ProjectConfigurationPlatforms) = postSolution
		{8693F6FE-B4FF-46A6-80BD-38CBD7D887B7}.Debug|Any CPU.ActiveCfg = Debug|Any CPU
		{8693F6FE-B4FF-46A6-80BD-38CBD7D887B7}.Debug|Any CPU.Build.0 = Debug|Any CPU
		{8693F6FE-B4FF-46A6-80BD-38CBD7D887B7}.Release|Any CPU.ActiveCfg = Release|Any CPU
		{8693F6FE-B4FF-46A6-80BD-38CBD7D887B7}.Release|Any CPU.Build.0 = Release|Any CPU
	EndGlobalSection
	GlobalSection(SolutionProperties) = preSolution
		HideSolutionNode = FALSE
	EndGlobalSection
	GlobalSection(ExtensibilityGlobals) = postSolution
		SolutionGuid = {8F2815E1-7AA3-4136-BAE4-E8CF3D684830}
	EndGlobalSection
EndGlobal
